
Microsoft Visual Studio Solution File, Format Version 11.00
# Visual Studio 2010
Project("{159641D6-6404-4A2A-AE62-294DE0FE8301}") = "DATA CLEANING", "DATA CLEANING\DATA CLEANING.dtproj", "{C3DB7787-491E-40A7-B35B-957EC090C745}"
EndProject
Global
	GlobalSection(SolutionConfigurationPlatforms) = preSolution
		Development|Default = Development|Default
	EndGlobalSection
	GlobalSection(ProjectConfigurationPlatforms) = postSolution
		{C3DB7787-491E-40A7-B35B-957EC090C745}.Development|Default.ActiveCfg = Development
		{C3DB7787-491E-40A7-B35B-957EC090C745}.Development|Default.Build.0 = Development
	EndGlobalSection
	GlobalSection(SolutionProperties) = preSolution
		HideSolutionNode = FALSE
	EndGlobalSection
EndGlobal
